{
  "name": "wikipedia-watching",
  "version": "1.0.0",
  "lockfileVersion": 2,
  "requires": true,
  "packages": {
    "": {
      "name": "wikipedia-watching",
      "version": "1.0.0",
      "license": "ISC",
      "dependencies": {
        "eventsource": "^2.0.0"
      }
    },
    "node_modules/eventsource": {
      "version": "2.0.0",
      "resolved": "https://registry.npmjs.org/eventsource/-/eventsource-2.0.0.tgz",
      "integrity": "sha512-U9TI2qLWwedwiDLCbSUoSAPHGK2P7nT6/f25wBzMy9tWOKgFoNY4n+GYCPCYg3sGKrIoCmpChJoO3KKymcLo8A==",
      "engines": {
        "node": ">=12.0.0"
      }
    }
  },
  "dependencies": {
    "eventsource": {
      "version": "2.0.0",
      "resolved": "https://registry.npmjs.org/eventsource/-/eventsource-2.0.0.tgz",
      "integrity": "sha512-U9TI2qLWwedwiDLCbSUoSAPHGK2P7nT6/f25wBzMy9tWOKgFoNY4n+GYCPCYg3sGKrIoCmpChJoO3KKymcLo8A=="
    }
  }
}
